
Microsoft Visual Studio Solution File, Format Version 12.00
# Visual Studio Version 17
VisualStudioVersion = 17.8.34525.116
MinimumVisualStudioVersion = 10.0.40219.1
Project("{FAE04EC0-301F-11D3-BF4B-00C04F79EFBC}") = "gvang_CPT_206_State_Database_Excel", "gvang_CPT_206_State_Database_Excel.csproj", "{67D27FC5-211B-4B60-9033-AE55A5CD9F43}"
EndProject
Global
	GlobalSection(SolutionConfigurationPlatforms) = preSolution
		Debug|Any CPU = Debug|Any CPU
		Release|Any CPU = Release|Any CPU
	EndGlobalSection
	GlobalSection(ProjectConfigurationPlatforms) = postSolution
		{67D27FC5-211B-4B60-9033-AE55A5CD9F43}.Debug|Any CPU.ActiveCfg = Debug|Any CPU
		{67D27FC5-211B-4B60-9033-AE55A5CD9F43}.Debug|Any CPU.Build.0 = Debug|Any CPU
		{67D27FC5-211B-4B60-9033-AE55A5CD9F43}.Release|Any CPU.ActiveCfg = Release|Any CPU
		{67D27FC5-211B-4B60-9033-AE55A5CD9F43}.Release|Any CPU.Build.0 = Release|Any CPU
	EndGlobalSection
	GlobalSection(SolutionProperties) = preSolution
		HideSolutionNode = FALSE
	EndGlobalSection
	GlobalSection(ExtensibilityGlobals) = postSolution
		SolutionGuid = {271DAA47-4FF5-47DC-8878-0AA12639F867}
	EndGlobalSection
EndGlobal
